
Microsoft Visual Studio Solution File, Format Version 12.00
# Visual Studio Version 16
VisualStudioVersion = 16.0.31624.102
MinimumVisualStudioVersion = 10.0.40219.1
Project("{FAE04EC0-301F-11D3-BF4B-00C04F79EFBC}") = "ЛР7_3", "ЛР7_3\ЛР7_3.csproj", "{7044A0C6-2C5C-451D-B619-416B6A5E7ABB}"
EndProject
Global
	GlobalSection(SolutionConfigurationPlatforms) = preSolution
		Debug|Any CPU = Debug|Any CPU
		Release|Any CPU = Release|Any CPU
	EndGlobalSection
	GlobalSection(ProjectConfigurationPlatforms) = postSolution
		{7044A0C6-2C5C-451D-B619-416B6A5E7ABB}.Debug|Any CPU.ActiveCfg = Debug|Any CPU
		{7044A0C6-2C5C-451D-B619-416B6A5E7ABB}.Debug|Any CPU.Build.0 = Debug|Any CPU
		{7044A0C6-2C5C-451D-B619-416B6A5E7ABB}.Release|Any CPU.ActiveCfg = Release|Any CPU
		{7044A0C6-2C5C-451D-B619-416B6A5E7ABB}.Release|Any CPU.Build.0 = Release|Any CPU
	EndGlobalSection
	GlobalSection(SolutionProperties) = preSolution
		HideSolutionNode = FALSE
	EndGlobalSection
	GlobalSection(ExtensibilityGlobals) = postSolution
		SolutionGuid = {AAF93113-FCA0-41C1-ABFE-BD888B24A6BA}
	EndGlobalSection
EndGlobal
